
Microsoft Visual Studio Solution File, Format Version 12.00
# Visual Studio Version 17
VisualStudioVersion = 17.2.32519.379
MinimumVisualStudioVersion = 10.0.40219.1
Project("{9A19103F-16F7-4668-BE54-9A1E7A4F7556}") = "RecordUtilities", "src\RecordUtilities.csproj", "{B4052202-4C02-49C4-9F86-C70FF2BBE049}"
EndProject
Project("{FAE04EC0-301F-11D3-BF4B-00C04F79EFBC}") = "RecordUtilities.Tests", "test\RecordUtilities.Tests\RecordUtilities.Tests.csproj", "{0B208002-7DF8-4A9A-9924-EB1A23435C03}"
EndProject
Project("{2150E333-8FDC-42A3-9474-1A3956D46DE8}") = "方案項目", "方案項目", "{A14A2572-B05A-4033-AF17-E29EA5029D12}"
	ProjectSection(SolutionItems) = preProject
		Directory.Build.props = Directory.Build.props
		LICENSE = LICENSE
		Readme.md = Readme.md
	EndProjectSection
EndProject
Global
	GlobalSection(SolutionConfigurationPlatforms) = preSolution
		Debug|Any CPU = Debug|Any CPU
		Release|Any CPU = Release|Any CPU
	EndGlobalSection
	GlobalSection(ProjectConfigurationPlatforms) = postSolution
		{B4052202-4C02-49C4-9F86-C70FF2BBE049}.Debug|Any CPU.ActiveCfg = Debug|Any CPU
		{B4052202-4C02-49C4-9F86-C70FF2BBE049}.Debug|Any CPU.Build.0 = Debug|Any CPU
		{B4052202-4C02-49C4-9F86-C70FF2BBE049}.Release|Any CPU.ActiveCfg = Release|Any CPU
		{B4052202-4C02-49C4-9F86-C70FF2BBE049}.Release|Any CPU.Build.0 = Release|Any CPU
		{0B208002-7DF8-4A9A-9924-EB1A23435C03}.Debug|Any CPU.ActiveCfg = Debug|Any CPU
		{0B208002-7DF8-4A9A-9924-EB1A23435C03}.Debug|Any CPU.Build.0 = Debug|Any CPU
		{0B208002-7DF8-4A9A-9924-EB1A23435C03}.Release|Any CPU.ActiveCfg = Release|Any CPU
		{0B208002-7DF8-4A9A-9924-EB1A23435C03}.Release|Any CPU.Build.0 = Release|Any CPU
	EndGlobalSection
	GlobalSection(SolutionProperties) = preSolution
		HideSolutionNode = FALSE
	EndGlobalSection
	GlobalSection(ExtensibilityGlobals) = postSolution
		SolutionGuid = {735AF22F-BCC2-4FAA-8F9D-E5B10BCA2777}
	EndGlobalSection
EndGlobal
